
Microsoft Visual Studio Solution File, Format Version 12.00
# Visual Studio 15
VisualStudioVersion = 15.0.28307.902
MinimumVisualStudioVersion = 10.0.40219.1
Project("{9A19103F-16F7-4668-BE54-9A1E7A4F7556}") = "Module 3 - Task 1", "Module 3 - Task 1\Module 3 - Task 1.csproj", "{060F02A0-4A53-4D3F-AE5B-B2EFA417D7F9}"
EndProject
Project("{FAE04EC0-301F-11D3-BF4B-00C04F79EFBC}") = "WebShop.Domain", "WebShop.Domain\WebShop.Domain.csproj", "{9EBCE9B8-0422-44B5-991B-6867397212C9}"
EndProject
Global
	GlobalSection(SolutionConfigurationPlatforms) = preSolution
		Debug|Any CPU = Debug|Any CPU
		Release|Any CPU = Release|Any CPU
	EndGlobalSection
	GlobalSection(ProjectConfigurationPlatforms) = postSolution
		{060F02A0-4A53-4D3F-AE5B-B2EFA417D7F9}.Debug|Any CPU.ActiveCfg = Debug|Any CPU
		{060F02A0-4A53-4D3F-AE5B-B2EFA417D7F9}.Debug|Any CPU.Build.0 = Debug|Any CPU
		{060F02A0-4A53-4D3F-AE5B-B2EFA417D7F9}.Release|Any CPU.ActiveCfg = Release|Any CPU
		{060F02A0-4A53-4D3F-AE5B-B2EFA417D7F9}.Release|Any CPU.Build.0 = Release|Any CPU
		{9EBCE9B8-0422-44B5-991B-6867397212C9}.Debug|Any CPU.ActiveCfg = Debug|Any CPU
		{9EBCE9B8-0422-44B5-991B-6867397212C9}.Debug|Any CPU.Build.0 = Debug|Any CPU
		{9EBCE9B8-0422-44B5-991B-6867397212C9}.Release|Any CPU.ActiveCfg = Release|Any CPU
		{9EBCE9B8-0422-44B5-991B-6867397212C9}.Release|Any CPU.Build.0 = Release|Any CPU
	EndGlobalSection
	GlobalSection(SolutionProperties) = preSolution
		HideSolutionNode = FALSE
	EndGlobalSection
	GlobalSection(ExtensibilityGlobals) = postSolution
		SolutionGuid = {487C0C91-2625-4D25-9618-8525C3D5E2A6}
	EndGlobalSection
EndGlobal
