
Microsoft Visual Studio Solution File, Format Version 12.00
# Visual Studio Version 16
VisualStudioVersion = 16.0.30309.148
MinimumVisualStudioVersion = 10.0.40219.1
Project("{FAE04EC0-301F-11D3-BF4B-00C04F79EFBC}") = "EF_Core", "EF_Core\EF_Core.csproj", "{B46D37CC-8D37-4BBB-AD0F-F40B6B4112F8}"
EndProject
Global
	GlobalSection(SolutionConfigurationPlatforms) = preSolution
		Debug|Any CPU = Debug|Any CPU
		Release|Any CPU = Release|Any CPU
	EndGlobalSection
	GlobalSection(ProjectConfigurationPlatforms) = postSolution
		{B46D37CC-8D37-4BBB-AD0F-F40B6B4112F8}.Debug|Any CPU.ActiveCfg = Debug|Any CPU
		{B46D37CC-8D37-4BBB-AD0F-F40B6B4112F8}.Debug|Any CPU.Build.0 = Debug|Any CPU
		{B46D37CC-8D37-4BBB-AD0F-F40B6B4112F8}.Release|Any CPU.ActiveCfg = Release|Any CPU
		{B46D37CC-8D37-4BBB-AD0F-F40B6B4112F8}.Release|Any CPU.Build.0 = Release|Any CPU
	EndGlobalSection
	GlobalSection(SolutionProperties) = preSolution
		HideSolutionNode = FALSE
	EndGlobalSection
	GlobalSection(ExtensibilityGlobals) = postSolution
		SolutionGuid = {4769A022-B286-4FF0-A8BE-8FD65E26B46F}
	EndGlobalSection
EndGlobal
