
Microsoft Visual Studio Solution File, Format Version 12.00
# Visual Studio 15
VisualStudioVersion = 15.0.28307.1082
MinimumVisualStudioVersion = 10.0.40219.1
Project("{9A19103F-16F7-4668-BE54-9A1E7A4F7556}") = "ManagedPowerState", "ManagedPowerState\ManagedPowerState.csproj", "{F4CABD7C-805B-421F-8988-0E863AA28CAE}"
EndProject
Project("{9A19103F-16F7-4668-BE54-9A1E7A4F7556}") = "ManagedPowerState.Test", "ManagedPowerState.Test\ManagedPowerState.Test.csproj", "{B979CB81-52B4-4714-851A-B5F7F7F97A6B}"
EndProject
Global
	GlobalSection(SolutionConfigurationPlatforms) = preSolution
		Debug|Any CPU = Debug|Any CPU
		Release|Any CPU = Release|Any CPU
	EndGlobalSection
	GlobalSection(ProjectConfigurationPlatforms) = postSolution
		{F4CABD7C-805B-421F-8988-0E863AA28CAE}.Debug|Any CPU.ActiveCfg = Debug|Any CPU
		{F4CABD7C-805B-421F-8988-0E863AA28CAE}.Debug|Any CPU.Build.0 = Debug|Any CPU
		{F4CABD7C-805B-421F-8988-0E863AA28CAE}.Release|Any CPU.ActiveCfg = Release|Any CPU
		{F4CABD7C-805B-421F-8988-0E863AA28CAE}.Release|Any CPU.Build.0 = Release|Any CPU
		{B979CB81-52B4-4714-851A-B5F7F7F97A6B}.Debug|Any CPU.ActiveCfg = Debug|Any CPU
		{B979CB81-52B4-4714-851A-B5F7F7F97A6B}.Debug|Any CPU.Build.0 = Debug|Any CPU
		{B979CB81-52B4-4714-851A-B5F7F7F97A6B}.Release|Any CPU.ActiveCfg = Release|Any CPU
		{B979CB81-52B4-4714-851A-B5F7F7F97A6B}.Release|Any CPU.Build.0 = Release|Any CPU
	EndGlobalSection
	GlobalSection(SolutionProperties) = preSolution
		HideSolutionNode = FALSE
	EndGlobalSection
	GlobalSection(ExtensibilityGlobals) = postSolution
		SolutionGuid = {072A3E5D-EBA5-45F3-8562-719783958B1D}
	EndGlobalSection
EndGlobal
