
Microsoft Visual Studio Solution File, Format Version 12.00
# Visual Studio 15
VisualStudioVersion = 15.0.28307.1082
MinimumVisualStudioVersion = 10.0.40219.1
Project("{FAE04EC0-301F-11D3-BF4B-00C04F79EFBC}") = "MessageQueues", "MessageQueues\MessageQueues.csproj", "{30F4B25A-2420-4ACB-BA2B-BC6777B31704}"
EndProject
Project("{FAE04EC0-301F-11D3-BF4B-00C04F79EFBC}") = "MessageQuery.MQRabbit", "MessageQuery.MQRabbit\MessageQuery.MQRabbit.csproj", "{7E6B2F96-FECD-462C-972F-22A77C8F837A}"
EndProject
Global
	GlobalSection(SolutionConfigurationPlatforms) = preSolution
		Debug|Any CPU = Debug|Any CPU
		Release|Any CPU = Release|Any CPU
	EndGlobalSection
	GlobalSection(ProjectConfigurationPlatforms) = postSolution
		{30F4B25A-2420-4ACB-BA2B-BC6777B31704}.Debug|Any CPU.ActiveCfg = Debug|Any CPU
		{30F4B25A-2420-4ACB-BA2B-BC6777B31704}.Debug|Any CPU.Build.0 = Debug|Any CPU
		{30F4B25A-2420-4ACB-BA2B-BC6777B31704}.Release|Any CPU.ActiveCfg = Release|Any CPU
		{30F4B25A-2420-4ACB-BA2B-BC6777B31704}.Release|Any CPU.Build.0 = Release|Any CPU
		{7E6B2F96-FECD-462C-972F-22A77C8F837A}.Debug|Any CPU.ActiveCfg = Debug|Any CPU
		{7E6B2F96-FECD-462C-972F-22A77C8F837A}.Debug|Any CPU.Build.0 = Debug|Any CPU
		{7E6B2F96-FECD-462C-972F-22A77C8F837A}.Release|Any CPU.ActiveCfg = Release|Any CPU
		{7E6B2F96-FECD-462C-972F-22A77C8F837A}.Release|Any CPU.Build.0 = Release|Any CPU
	EndGlobalSection
	GlobalSection(SolutionProperties) = preSolution
		HideSolutionNode = FALSE
	EndGlobalSection
	GlobalSection(ExtensibilityGlobals) = postSolution
		SolutionGuid = {99389D42-D241-4DAB-9192-21044DEA2753}
	EndGlobalSection
EndGlobal
